github.com/godbus/dbus/v5 v5.0.4 h1:9349emZab16e7zQvpmsbtjc18ykshndd8y2PG3sgJbA=
github.com/godbus/dbus/v5 v5.0.4/go.mod h1:xhWf0FNVPg57R7Z0UbKHbJfkEywrmjJnf7w5xrFpKfA=
github.com/lawl/pulseaudio v0.0.0-20210604102109-cb2596d6a8ef h1:mpCJg3O6C+B8mh5xoO147NG3Z70GBcFNgqgz2DH/rLQ=
github.com/lawl/pulseaudio v0.0.0-20210604102109-cb2596d6a8ef/go.mod h1:9h36x4KH7r2V8DOCKoPMt87IXZ++X90y8D5nnuwq290=
golang.org/x/sync v0.0.0-20210220032951-036812b2e83c h1:5KslGYwFpkhGh+Q16bwMP3cOontH8FOep7tGV86Y7SQ=
golang.org/x/sync v0.0.0-20210220032951-036812b2e83c/go.mod h1:RxMgew5VJxzue5/jJTE5uejpjVlOe/izrB70Jof72aM=
